
Microsoft Visual Studio Solution File, Format Version 12.00
# Visual Studio Version 17
VisualStudioVersion = 17.9.34622.214
MinimumVisualStudioVersion = 10.0.40219.1
Project("{8BC9CEB8-8B4A-11D0-8D11-00A0C91BC942}") = "수업 1", "c프 1\c프 1.vcxproj", "{A46487D2-4962-4273-AD9E-A1802F2162BE}"
EndProject
Project("{8BC9CEB8-8B4A-11D0-8D11-00A0C91BC942}") = "수업 1-2", "수업 1-2\수업 1-2.vcxproj", "{E75E979B-BFDB-4829-B9AA-39F9A0F7BDDA}"
EndProject
Project("{8BC9CEB8-8B4A-11D0-8D11-00A0C91BC942}") = "수업 2", "수업 2\수업 2.vcxproj", "{59557A8D-3EED-440F-9019-227C430E6773}"
EndProject
Project("{8BC9CEB8-8B4A-11D0-8D11-00A0C91BC942}") = "수업 3", "수업 3\수업 3.vcxproj", "{EF515419-8007-4B3E-B31D-A512E60E1812}"
EndProject
Project("{8BC9CEB8-8B4A-11D0-8D11-00A0C91BC942}") = "수업 4", "수업 4\수업 4.vcxproj", "{FEB04765-86FB-48A2-8235-ABF289EF430A}"
EndProject
Project("{8BC9CEB8-8B4A-11D0-8D11-00A0C91BC942}") = "수업 4-2", "수업 4-2\수업 4-2.vcxproj", "{68B61E2E-1940-43F3-8F4B-701470CAF26C}"
EndProject
Project("{8BC9CEB8-8B4A-11D0-8D11-00A0C91BC942}") = "수업 4-3", "수업 4-3\수업 4-3.vcxproj", "{F9D1758A-5C02-47F4-842F-FEA73538A980}"
EndProject
Project("{8BC9CEB8-8B4A-11D0-8D11-00A0C91BC942}") = "수업 5", "수업 5\수업 5.vcxproj", "{345D262B-E04F-4518-8A6F-5A72F5E3AE58}"
EndProject
Project("{8BC9CEB8-8B4A-11D0-8D11-00A0C91BC942}") = "수업 6", "수업 6\수업 6.vcxproj", "{20D4932D-6D5A-4ED5-A670-BD1DAB4F53CD}"
EndProject
Project("{8BC9CEB8-8B4A-11D0-8D11-00A0C91BC942}") = "수업 6-2", "수업 6-2\수업 6-2.vcxproj", "{42FCC272-8410-440E-A001-8A5DA09C46BD}"
EndProject
Project("{8BC9CEB8-8B4A-11D0-8D11-00A0C91BC942}") = "수업 7", "수업 7\수업 7.vcxproj", "{07479D64-EC77-4F1F-922C-6291C1E7DF05}"
EndProject
Project("{8BC9CEB8-8B4A-11D0-8D11-00A0C91BC942}") = "수업 8", "수업 8\수업 8.vcxproj", "{1233EE85-2895-4260-9A93-A80C0FA6F66E}"
EndProject
Project("{8BC9CEB8-8B4A-11D0-8D11-00A0C91BC942}") = "수업 9", "수업 9\수업 9.vcxproj", "{A7AF58B9-7D9C-4802-B058-C90E83650322}"
EndProject
Project("{8BC9CEB8-8B4A-11D0-8D11-00A0C91BC942}") = "수업 9-3", "수업 9-3\수업 9-3.vcxproj", "{0A4A0AFA-429A-4548-866D-5DD80EE1AFE0}"
EndProject
Project("{8BC9CEB8-8B4A-11D0-8D11-00A0C91BC942}") = "수업 9-4", "수업 9-4\수업 9-4.vcxproj", "{AD77B581-878B-4066-96FD-29CF0CFB14F1}"
EndProject
Project("{8BC9CEB8-8B4A-11D0-8D11-00A0C91BC942}") = "수업 11", "수업 11\수업 11.vcxproj", "{0C8DF6E3-F5C9-4757-86A1-9E8A058B4386}"
EndProject
Project("{8BC9CEB8-8B4A-11D0-8D11-00A0C91BC942}") = "수업 12", "수업 12\수업 12.vcxproj", "{E30BD98E-3C18-436E-94C0-35C8EE731B5A}"
EndProject
Project("{8BC9CEB8-8B4A-11D0-8D11-00A0C91BC942}") = "수업 14", "수업 14\수업 14.vcxproj", "{2EF8881F-D554-4F81-BA0F-780F78B6FC1A}"
EndProject
Project("{8BC9CEB8-8B4A-11D0-8D11-00A0C91BC942}") = "수업 9-2", "수업 9-2\수업 9-2.vcxproj", "{8D6F937F-35EC-4CEE-9FA8-9EFFC7793173}"
EndProject
Project("{8BC9CEB8-8B4A-11D0-8D11-00A0C91BC942}") = "수업 13", "수업 13\수업 13.vcxproj", "{77804F27-8729-41D4-9493-9952FC9FE913}"
EndProject
Project("{8BC9CEB8-8B4A-11D0-8D11-00A0C91BC942}") = "수업 10", "수업 10\수업 10.vcxproj", "{43C58D93-4823-4F41-86D9-46631ABA7C83}"
EndProject
Project("{8BC9CEB8-8B4A-11D0-8D11-00A0C91BC942}") = "수업 15", "수업 15\수업 15.vcxproj", "{973ADF89-99DD-46E9-B47E-ED4B1388A371}"
EndProject
Project("{8BC9CEB8-8B4A-11D0-8D11-00A0C91BC942}") = "수업 16", "수업 16\수업 16.vcxproj", "{8FAF6066-893E-49DE-BB99-DF799F073C60}"
EndProject
Global
	GlobalSection(SolutionConfigurationPlatforms) = preSolution
		Debug|x64 = Debug|x64
		Debug|x86 = Debug|x86
		Release|x64 = Release|x64
		Release|x86 = Release|x86
	EndGlobalSection
	GlobalSection(ProjectConfigurationPlatforms) = postSolution
		{A46487D2-4962-4273-AD9E-A1802F2162BE}.Debug|x64.ActiveCfg = Debug|x64
		{A46487D2-4962-4273-AD9E-A1802F2162BE}.Debug|x64.Build.0 = Debug|x64
		{A46487D2-4962-4273-AD9E-A1802F2162BE}.Debug|x86.ActiveCfg = Debug|Win32
		{A46487D2-4962-4273-AD9E-A1802F2162BE}.Debug|x86.Build.0 = Debug|Win32
		{A46487D2-4962-4273-AD9E-A1802F2162BE}.Release|x64.ActiveCfg = Release|x64
		{A46487D2-4962-4273-AD9E-A1802F2162BE}.Release|x64.Build.0 = Release|x64
		{A46487D2-4962-4273-AD9E-A1802F2162BE}.Release|x86.ActiveCfg = Release|Win32
		{A46487D2-4962-4273-AD9E-A1802F2162BE}.Release|x86.Build.0 = Release|Win32
		{E75E979B-BFDB-4829-B9AA-39F9A0F7BDDA}.Debug|x64.ActiveCfg = Debug|x64
		{E75E979B-BFDB-4829-B9AA-39F9A0F7BDDA}.Debug|x64.Build.0 = Debug|x64
		{E75E979B-BFDB-4829-B9AA-39F9A0F7BDDA}.Debug|x86.ActiveCfg = Debug|Win32
		{E75E979B-BFDB-4829-B9AA-39F9A0F7BDDA}.Debug|x86.Build.0 = Debug|Win32
		{E75E979B-BFDB-4829-B9AA-39F9A0F7BDDA}.Release|x64.ActiveCfg = Release|x64
		{E75E979B-BFDB-4829-B9AA-39F9A0F7BDDA}.Release|x64.Build.0 = Release|x64
		{E75E979B-BFDB-4829-B9AA-39F9A0F7BDDA}.Release|x86.ActiveCfg = Release|Win32
		{E75E979B-BFDB-4829-B9AA-39F9A0F7BDDA}.Release|x86.Build.0 = Release|Win32
		{59557A8D-3EED-440F-9019-227C430E6773}.Debug|x64.ActiveCfg = Debug|x64
		{59557A8D-3EED-440F-9019-227C430E6773}.Debug|x64.Build.0 = Debug|x64
		{59557A8D-3EED-440F-9019-227C430E6773}.Debug|x86.ActiveCfg = Debug|Win32
		{59557A8D-3EED-440F-9019-227C430E6773}.Debug|x86.Build.0 = Debug|Win32
		{59557A8D-3EED-440F-9019-227C430E6773}.Release|x64.ActiveCfg = Release|x64
		{59557A8D-3EED-440F-9019-227C430E6773}.Release|x64.Build.0 = Release|x64
		{59557A8D-3EED-440F-9019-227C430E6773}.Release|x86.ActiveCfg = Release|Win32
		{59557A8D-3EED-440F-9019-227C430E6773}.Release|x86.Build.0 = Release|Win32
		{EF515419-8007-4B3E-B31D-A512E60E1812}.Debug|x64.ActiveCfg = Debug|x64
		{EF515419-8007-4B3E-B31D-A512E60E1812}.Debug|x64.Build.0 = Debug|x64
		{EF515419-8007-4B3E-B31D-A512E60E1812}.Debug|x86.ActiveCfg = Debug|Win32
		{EF515419-8007-4B3E-B31D-A512E60E1812}.Debug|x86.Build.0 = Debug|Win32
		{EF515419-8007-4B3E-B31D-A512E60E1812}.Release|x64.ActiveCfg = Release|x64
		{EF515419-8007-4B3E-B31D-A512E60E1812}.Release|x64.Build.0 = Release|x64
		{EF515419-8007-4B3E-B31D-A512E60E1812}.Release|x86.ActiveCfg = Release|Win32
		{EF515419-8007-4B3E-B31D-A512E60E1812}.Release|x86.Build.0 = Release|Win32
		{FEB04765-86FB-48A2-8235-ABF289EF430A}.Debug|x64.ActiveCfg = Debug|x64
		{FEB04765-86FB-48A2-8235-ABF289EF430A}.Debug|x64.Build.0 = Debug|x64
		{FEB04765-86FB-48A2-8235-ABF289EF430A}.Debug|x86.ActiveCfg = Debug|Win32
		{FEB04765-86FB-48A2-8235-ABF289EF430A}.Debug|x86.Build.0 = Debug|Win32
		{FEB04765-86FB-48A2-8235-ABF289EF430A}.Release|x64.ActiveCfg = Release|x64
		{FEB04765-86FB-48A2-8235-ABF289EF430A}.Release|x64.Build.0 = Release|x64
		{FEB04765-86FB-48A2-8235-ABF289EF430A}.Release|x86.ActiveCfg = Release|Win32
		{FEB04765-86FB-48A2-8235-ABF289EF430A}.Release|x86.Build.0 = Release|Win32
		{68B61E2E-1940-43F3-8F4B-701470CAF26C}.Debug|x64.ActiveCfg = Debug|x64
		{68B61E2E-1940-43F3-8F4B-701470CAF26C}.Debug|x64.Build.0 = Debug|x64
		{68B61E2E-1940-43F3-8F4B-701470CAF26C}.Debug|x86.ActiveCfg = Debug|Win32
		{68B61E2E-1940-43F3-8F4B-701470CAF26C}.Debug|x86.Build.0 = Debug|Win32
		{68B61E2E-1940-43F3-8F4B-701470CAF26C}.Release|x64.ActiveCfg = Release|x64
		{68B61E2E-1940-43F3-8F4B-701470CAF26C}.Release|x64.Build.0 = Release|x64
		{68B61E2E-1940-43F3-8F4B-701470CAF26C}.Release|x86.ActiveCfg = Release|Win32
		{68B61E2E-1940-43F3-8F4B-701470CAF26C}.Release|x86.Build.0 = Release|Win32
		{F9D1758A-5C02-47F4-842F-FEA73538A980}.Debug|x64.ActiveCfg = Debug|x64
		{F9D1758A-5C02-47F4-842F-FEA73538A980}.Debug|x64.Build.0 = Debug|x64
		{F9D1758A-5C02-47F4-842F-FEA73538A980}.Debug|x86.ActiveCfg = Debug|Win32
		{F9D1758A-5C02-47F4-842F-FEA73538A980}.Debug|x86.Build.0 = Debug|Win32
		{F9D1758A-5C02-47F4-842F-FEA73538A980}.Release|x64.ActiveCfg = Release|x64
		{F9D1758A-5C02-47F4-842F-FEA73538A980}.Release|x64.Build.0 = Release|x64
		{F9D1758A-5C02-47F4-842F-FEA73538A980}.Release|x86.ActiveCfg = Release|Win32
		{F9D1758A-5C02-47F4-842F-FEA73538A980}.Release|x86.Build.0 = Release|Win32
		{345D262B-E04F-4518-8A6F-5A72F5E3AE58}.Debug|x64.ActiveCfg = Debug|x64
		{345D262B-E04F-4518-8A6F-5A72F5E3AE58}.Debug|x64.Build.0 = Debug|x64
		{345D262B-E04F-4518-8A6F-5A72F5E3AE58}.Debug|x86.ActiveCfg = Debug|Win32
		{345D262B-E04F-4518-8A6F-5A72F5E3AE58}.Debug|x86.Build.0 = Debug|Win32
		{345D262B-E04F-4518-8A6F-5A72F5E3AE58}.Release|x64.ActiveCfg = Release|x64
		{345D262B-E04F-4518-8A6F-5A72F5E3AE58}.Release|x64.Build.0 = Release|x64
		{345D262B-E04F-4518-8A6F-5A72F5E3AE58}.Release|x86.ActiveCfg = Release|Win32
		{345D262B-E04F-4518-8A6F-5A72F5E3AE58}.Release|x86.Build.0 = Release|Win32
		{20D4932D-6D5A-4ED5-A670-BD1DAB4F53CD}.Debug|x64.ActiveCfg = Debug|x64
		{20D4932D-6D5A-4ED5-A670-BD1DAB4F53CD}.Debug|x64.Build.0 = Debug|x64
		{20D4932D-6D5A-4ED5-A670-BD1DAB4F53CD}.Debug|x86.ActiveCfg = Debug|Win32
		{20D4932D-6D5A-4ED5-A670-BD1DAB4F53CD}.Debug|x86.Build.0 = Debug|Win32
		{20D4932D-6D5A-4ED5-A670-BD1DAB4F53CD}.Release|x64.ActiveCfg = Release|x64
		{20D4932D-6D5A-4ED5-A670-BD1DAB4F53CD}.Release|x64.Build.0 = Release|x64
		{20D4932D-6D5A-4ED5-A670-BD1DAB4F53CD}.Release|x86.ActiveCfg = Release|Win32
		{20D4932D-6D5A-4ED5-A670-BD1DAB4F53CD}.Release|x86.Build.0 = Release|Win32
		{42FCC272-8410-440E-A001-8A5DA09C46BD}.Debug|x64.ActiveCfg = Debug|x64
		{42FCC272-8410-440E-A001-8A5DA09C46BD}.Debug|x64.Build.0 = Debug|x64
		{42FCC272-8410-440E-A001-8A5DA09C46BD}.Debug|x86.ActiveCfg = Debug|Win32
		{42FCC272-8410-440E-A001-8A5DA09C46BD}.Debug|x86.Build.0 = Debug|Win32
		{42FCC272-8410-440E-A001-8A5DA09C46BD}.Release|x64.ActiveCfg = Release|x64
		{42FCC272-8410-440E-A001-8A5DA09C46BD}.Release|x64.Build.0 = Release|x64
		{42FCC272-8410-440E-A001-8A5DA09C46BD}.Release|x86.ActiveCfg = Release|Win32
		{42FCC272-8410-440E-A001-8A5DA09C46BD}.Release|x86.Build.0 = Release|Win32
		{07479D64-EC77-4F1F-922C-6291C1E7DF05}.Debug|x64.ActiveCfg = Debug|x64
		{07479D64-EC77-4F1F-922C-6291C1E7DF05}.Debug|x64.Build.0 = Debug|x64
		{07479D64-EC77-4F1F-922C-6291C1E7DF05}.Debug|x86.ActiveCfg = Debug|Win32
		{07479D64-EC77-4F1F-922C-6291C1E7DF05}.Debug|x86.Build.0 = Debug|Win32
		{07479D64-EC77-4F1F-922C-6291C1E7DF05}.Release|x64.ActiveCfg = Release|x64
		{07479D64-EC77-4F1F-922C-6291C1E7DF05}.Release|x64.Build.0 = Release|x64
		{07479D64-EC77-4F1F-922C-6291C1E7DF05}.Release|x86.ActiveCfg = Release|Win32
		{07479D64-EC77-4F1F-922C-6291C1E7DF05}.Release|x86.Build.0 = Release|Win32
		{1233EE85-2895-4260-9A93-A80C0FA6F66E}.Debug|x64.ActiveCfg = Debug|x64
		{1233EE85-2895-4260-9A93-A80C0FA6F66E}.Debug|x64.Build.0 = Debug|x64
		{1233EE85-2895-4260-9A93-A80C0FA6F66E}.Debug|x86.ActiveCfg = Debug|Win32
		{1233EE85-2895-4260-9A93-A80C0FA6F66E}.Debug|x86.Build.0 = Debug|Win32
		{1233EE85-2895-4260-9A93-A80C0FA6F66E}.Release|x64.ActiveCfg = Release|x64
		{1233EE85-2895-4260-9A93-A80C0FA6F66E}.Release|x64.Build.0 = Release|x64
		{1233EE85-2895-4260-9A93-A80C0FA6F66E}.Release|x86.ActiveCfg = Release|Win32
		{1233EE85-2895-4260-9A93-A80C0FA6F66E}.Release|x86.Build.0 = Release|Win32
		{A7AF58B9-7D9C-4802-B058-C90E83650322}.Debug|x64.ActiveCfg = Debug|x64
		{A7AF58B9-7D9C-4802-B058-C90E83650322}.Debug|x64.Build.0 = Debug|x64
		{A7AF58B9-7D9C-4802-B058-C90E83650322}.Debug|x86.ActiveCfg = Debug|Win32
		{A7AF58B9-7D9C-4802-B058-C90E83650322}.Debug|x86.Build.0 = Debug|Win32
		{A7AF58B9-7D9C-4802-B058-C90E83650322}.Release|x64.ActiveCfg = Release|x64
		{A7AF58B9-7D9C-4802-B058-C90E83650322}.Release|x64.Build.0 = Release|x64
		{A7AF58B9-7D9C-4802-B058-C90E83650322}.Release|x86.ActiveCfg = Release|Win32
		{A7AF58B9-7D9C-4802-B058-C90E83650322}.Release|x86.Build.0 = Release|Win32
		{0A4A0AFA-429A-4548-866D-5DD80EE1AFE0}.Debug|x64.ActiveCfg = Debug|x64
		{0A4A0AFA-429A-4548-866D-5DD80EE1AFE0}.Debug|x64.Build.0 = Debug|x64
		{0A4A0AFA-429A-4548-866D-5DD80EE1AFE0}.Debug|x86.ActiveCfg = Debug|Win32
		{0A4A0AFA-429A-4548-866D-5DD80EE1AFE0}.Debug|x86.Build.0 = Debug|Win32
		{0A4A0AFA-429A-4548-866D-5DD80EE1AFE0}.Release|x64.ActiveCfg = Release|x64
		{0A4A0AFA-429A-4548-866D-5DD80EE1AFE0}.Release|x64.Build.0 = Release|x64
		{0A4A0AFA-429A-4548-866D-5DD80EE1AFE0}.Release|x86.ActiveCfg = Release|Win32
		{0A4A0AFA-429A-4548-866D-5DD80EE1AFE0}.Release|x86.Build.0 = Release|Win32
		{AD77B581-878B-4066-96FD-29CF0CFB14F1}.Debug|x64.ActiveCfg = Debug|x64
		{AD77B581-878B-4066-96FD-29CF0CFB14F1}.Debug|x64.Build.0 = Debug|x64
		{AD77B581-878B-4066-96FD-29CF0CFB14F1}.Debug|x86.ActiveCfg = Debug|Win32
		{AD77B581-878B-4066-96FD-29CF0CFB14F1}.Debug|x86.Build.0 = Debug|Win32
		{AD77B581-878B-4066-96FD-29CF0CFB14F1}.Release|x64.ActiveCfg = Release|x64
		{AD77B581-878B-4066-96FD-29CF0CFB14F1}.Release|x64.Build.0 = Release|x64
		{AD77B581-878B-4066-96FD-29CF0CFB14F1}.Release|x86.ActiveCfg = Release|Win32
		{AD77B581-878B-4066-96FD-29CF0CFB14F1}.Release|x86.Build.0 = Release|Win32
		{0C8DF6E3-F5C9-4757-86A1-9E8A058B4386}.Debug|x64.ActiveCfg = Debug|x64
		{0C8DF6E3-F5C9-4757-86A1-9E8A058B4386}.Debug|x64.Build.0 = Debug|x64
		{0C8DF6E3-F5C9-4757-86A1-9E8A058B4386}.Debug|x86.ActiveCfg = Debug|Win32
		{0C8DF6E3-F5C9-4757-86A1-9E8A058B4386}.Debug|x86.Build.0 = Debug|Win32
		{0C8DF6E3-F5C9-4757-86A1-9E8A058B4386}.Release|x64.ActiveCfg = Release|x64
		{0C8DF6E3-F5C9-4757-86A1-9E8A058B4386}.Release|x64.Build.0 = Release|x64
		{0C8DF6E3-F5C9-4757-86A1-9E8A058B4386}.Release|x86.ActiveCfg = Release|Win32
		{0C8DF6E3-F5C9-4757-86A1-9E8A058B4386}.Release|x86.Build.0 = Release|Win32
		{E30BD98E-3C18-436E-94C0-35C8EE731B5A}.Debug|x64.ActiveCfg = Debug|x64
		{E30BD98E-3C18-436E-94C0-35C8EE731B5A}.Debug|x64.Build.0 = Debug|x64
		{E30BD98E-3C18-436E-94C0-35C8EE731B5A}.Debug|x86.ActiveCfg = Debug|Win32
		{E30BD98E-3C18-436E-94C0-35C8EE731B5A}.Debug|x86.Build.0 = Debug|Win32
		{E30BD98E-3C18-436E-94C0-35C8EE731B5A}.Release|x64.ActiveCfg = Release|x64
		{E30BD98E-3C18-436E-94C0-35C8EE731B5A}.Release|x64.Build.0 = Release|x64
		{E30BD98E-3C18-436E-94C0-35C8EE731B5A}.Release|x86.ActiveCfg = Release|Win32
		{E30BD98E-3C18-436E-94C0-35C8EE731B5A}.Release|x86.Build.0 = Release|Win32
		{2EF8881F-D554-4F81-BA0F-780F78B6FC1A}.Debug|x64.ActiveCfg = Debug|x64
		{2EF8881F-D554-4F81-BA0F-780F78B6FC1A}.Debug|x64.Build.0 = Debug|x64
		{2EF8881F-D554-4F81-BA0F-780F78B6FC1A}.Debug|x86.ActiveCfg = Debug|Win32
		{2EF8881F-D554-4F81-BA0F-780F78B6FC1A}.Debug|x86.Build.0 = Debug|Win32
		{2EF8881F-D554-4F81-BA0F-780F78B6FC1A}.Release|x64.ActiveCfg = Release|x64
		{2EF8881F-D554-4F81-BA0F-780F78B6FC1A}.Release|x64.Build.0 = Release|x64
		{2EF8881F-D554-4F81-BA0F-780F78B6FC1A}.Release|x86.ActiveCfg = Release|Win32
		{2EF8881F-D554-4F81-BA0F-780F78B6FC1A}.Release|x86.Build.0 = Release|Win32
		{8D6F937F-35EC-4CEE-9FA8-9EFFC7793173}.Debug|x64.ActiveCfg = Debug|x64
		{8D6F937F-35EC-4CEE-9FA8-9EFFC7793173}.Debug|x64.Build.0 = Debug|x64
		{8D6F937F-35EC-4CEE-9FA8-9EFFC7793173}.Debug|x86.ActiveCfg = Debug|Win32
		{8D6F937F-35EC-4CEE-9FA8-9EFFC7793173}.Debug|x86.Build.0 = Debug|Win32
		{8D6F937F-35EC-4CEE-9FA8-9EFFC7793173}.Release|x64.ActiveCfg = Release|x64
		{8D6F937F-35EC-4CEE-9FA8-9EFFC7793173}.Release|x64.Build.0 = Release|x64
		{8D6F937F-35EC-4CEE-9FA8-9EFFC7793173}.Release|x86.ActiveCfg = Release|Win32
		{8D6F937F-35EC-4CEE-9FA8-9EFFC7793173}.Release|x86.Build.0 = Release|Win32
		{77804F27-8729-41D4-9493-9952FC9FE913}.Debug|x64.ActiveCfg = Debug|x64
		{77804F27-8729-41D4-9493-9952FC9FE913}.Debug|x64.Build.0 = Debug|x64
		{77804F27-8729-41D4-9493-9952FC9FE913}.Debug|x86.ActiveCfg = Debug|Win32
		{77804F27-8729-41D4-9493-9952FC9FE913}.Debug|x86.Build.0 = Debug|Win32
		{77804F27-8729-41D4-9493-9952FC9FE913}.Release|x64.ActiveCfg = Release|x64
		{77804F27-8729-41D4-9493-9952FC9FE913}.Release|x64.Build.0 = Release|x64
		{77804F27-8729-41D4-9493-9952FC9FE913}.Release|x86.ActiveCfg = Release|Win32
		{77804F27-8729-41D4-9493-9952FC9FE913}.Release|x86.Build.0 = Release|Win32
		{43C58D93-4823-4F41-86D9-46631ABA7C83}.Debug|x64.ActiveCfg = Debug|x64
		{43C58D93-4823-4F41-86D9-46631ABA7C83}.Debug|x64.Build.0 = Debug|x64
		{43C58D93-4823-4F41-86D9-46631ABA7C83}.Debug|x86.ActiveCfg = Debug|Win32
		{43C58D93-4823-4F41-86D9-46631ABA7C83}.Debug|x86.Build.0 = Debug|Win32
		{43C58D93-4823-4F41-86D9-46631ABA7C83}.Release|x64.ActiveCfg = Release|x64
		{43C58D93-4823-4F41-86D9-46631ABA7C83}.Release|x64.Build.0 = Release|x64
		{43C58D93-4823-4F41-86D9-46631ABA7C83}.Release|x86.ActiveCfg = Release|Win32
		{43C58D93-4823-4F41-86D9-46631ABA7C83}.Release|x86.Build.0 = Release|Win32
		{973ADF89-99DD-46E9-B47E-ED4B1388A371}.Debug|x64.ActiveCfg = Debug|x64
		{973ADF89-99DD-46E9-B47E-ED4B1388A371}.Debug|x64.Build.0 = Debug|x64
		{973ADF89-99DD-46E9-B47E-ED4B1388A371}.Debug|x86.ActiveCfg = Debug|Win32
		{973ADF89-99DD-46E9-B47E-ED4B1388A371}.Debug|x86.Build.0 = Debug|Win32
		{973ADF89-99DD-46E9-B47E-ED4B1388A371}.Release|x64.ActiveCfg = Release|x64
		{973ADF89-99DD-46E9-B47E-ED4B1388A371}.Release|x64.Build.0 = Release|x64
		{973ADF89-99DD-46E9-B47E-ED4B1388A371}.Release|x86.ActiveCfg = Release|Win32
		{973ADF89-99DD-46E9-B47E-ED4B1388A371}.Release|x86.Build.0 = Release|Win32
		{8FAF6066-893E-49DE-BB99-DF799F073C60}.Debug|x64.ActiveCfg = Debug|x64
		{8FAF6066-893E-49DE-BB99-DF799F073C60}.Debug|x64.Build.0 = Debug|x64
		{8FAF6066-893E-49DE-BB99-DF799F073C60}.Debug|x86.ActiveCfg = Debug|Win32
		{8FAF6066-893E-49DE-BB99-DF799F073C60}.Debug|x86.Build.0 = Debug|Win32
		{8FAF6066-893E-49DE-BB99-DF799F073C60}.Release|x64.ActiveCfg = Release|x64
		{8FAF6066-893E-49DE-BB99-DF799F073C60}.Release|x64.Build.0 = Release|x64
		{8FAF6066-893E-49DE-BB99-DF799F073C60}.Release|x86.ActiveCfg = Release|Win32
		{8FAF6066-893E-49DE-BB99-DF799F073C60}.Release|x86.Build.0 = Release|Win32
	EndGlobalSection
	GlobalSection(SolutionProperties) = preSolution
		HideSolutionNode = FALSE
	EndGlobalSection
	GlobalSection(ExtensibilityGlobals) = postSolution
		SolutionGuid = {87452446-AEA9-4C0B-8576-8BF59F7EA6F5}
	EndGlobalSection
EndGlobal
